// !$*UTF8*$!
{
	archiveVersion = 1;
	classes = {
	};
	objectVersion = 55;
	objects = {

/* Begin PBXBuildFile section */
		844BFD0C293DDFF50046EB6A /* AppDelegate.swift in Sources */ = {isa = PBXBuildFile; fileRef = 844BFD0B293DDFF50046EB6A /* AppDelegate.swift */; };
		844BFD0E293DDFF50046EB6A /* SceneDelegate.swift in Sources */ = {isa = PBXBuildFile; fileRef = 844BFD0D293DDFF50046EB6A /* SceneDelegate.swift */; };
		844BFD10293DDFF50046EB6A /* firstVC.swift in Sources */ = {isa = PBXBuildFile; fileRef = 844BFD0F293DDFF50046EB6A /* firstVC.swift */; };
		844BFD13293DDFF50046EB6A /* Main.storyboard in Resources */ = {isa = PBXBuildFile; fileRef = 844BFD11293DDFF50046EB6A /* Main.storyboard */; };
		844BFD15293DDFF60046EB6A /* Assets.xcassets in Resources */ = {isa = PBXBuildFile; fileRef = 844BFD14293DDFF60046EB6A /* Assets.xcassets */; };
		844BFD18293DDFF60046EB6A /* LaunchScreen.storyboard in Resources */ = {isa = PBXBuildFile; fileRef = 844BFD16293DDFF60046EB6A /* LaunchScreen.storyboard */; };
		844BFD20293E06270046EB6A /* customTVC.swift in Sources */ = {isa = PBXBuildFile; fileRef = 844BFD1F293E06270046EB6A /* customTVC.swift */; };
		844BFD22293E167B0046EB6A /* PetModel.swift in Sources */ = {isa = PBXBuildFile; fileRef = 844BFD21293E167B0046EB6A /* PetModel.swift */; };
		84A21189293F280E00607103 /* secondVC.swift in Sources */ = {isa = PBXBuildFile; fileRef = 84A21188293F280E00607103 /* secondVC.swift */; };
/* End PBXBuildFile section */

/* Begin PBXFileReference section */
		844BFD08293DDFF50046EB6A /* Dec-5-tableView.app */ = {isa = PBXFileReference; explicitFileType = wrapper.application; includeInIndex = 0; path = "Dec-5-tableView.app"; sourceTree = BUILT_PRODUCTS_DIR; };
		844BFD0B293DDFF50046EB6A /* AppDelegate.swift */ = {isa = PBXFileReference; lastKnownFileType = sourcecode.swift; path = AppDelegate.swift; sourceTree = "<group>"; };
		844BFD0D293DDFF50046EB6A /* SceneDelegate.swift */ = {isa = PBXFileReference; lastKnownFileType = sourcecode.swift; path = SceneDelegate.swift; sourceTree = "<group>"; };
		844BFD0F293DDFF50046EB6A /* firstVC.swift */ = {isa = PBXFileReference; lastKnownFileType = sourcecode.swift; path = firstVC.swift; sourceTree = "<group>"; };
		844BFD12293DDFF50046EB6A /* Base */ = {isa = PBXFileReference; lastKnownFileType = file.storyboard; name = Base; path = Base.lproj/Main.storyboard; sourceTree = "<group>"; };
		844BFD14293DDFF60046EB6A /* Assets.xcassets */ = {isa = PBXFileReference; lastKnownFileType = folder.assetcatalog; path = Assets.xcassets; sourceTree = "<group>"; };
		844BFD17293DDFF60046EB6A /* Base */ = {isa = PBXFileReference; lastKnownFileType = file.storyboard; name = Base; path = Base.lproj/LaunchScreen.storyboard; sourceTree = "<group>"; };
		844BFD19293DDFF60046EB6A /* Info.plist */ = {isa = PBXFileReference; lastKnownFileType = text.plist.xml; path = Info.plist; sourceTree = "<group>"; };
		844BFD1F293E06270046EB6A /* customTVC.swift */ = {isa = PBXFileReference; lastKnownFileType = sourcecode.swift; path = customTVC.swift; sourceTree = "<group>"; };
		844BFD21293E167B0046EB6A /* PetModel.swift */ = {isa = PBXFileReference; lastKnownFileType = sourcecode.swift; path = PetModel.swift; sourceTree = "<group>"; };
		84A21188293F280E00607103 /* secondVC.swift */ = {isa = PBXFileReference; lastKnownFileType = sourcecode.swift; path = secondVC.swift; sourceTree = "<group>"; };
/* End PBXFileReference section */

/* Begin PBXFrameworksBuildPhase section */
		844BFD05293DDFF50046EB6A /* Frameworks */ = {
			isa = PBXFrameworksBuildPhase;
			buildActionMask = 2147483647;
			files = (
			);
			runOnlyForDeploymentPostprocessing = 0;
		};
/* End PBXFrameworksBuildPhase section */

/* Begin PBXGroup section */
		844BFCFF293DDFF50046EB6A = {
			isa = PBXGroup;
			children = (
				844BFD0A293DDFF50046EB6A /* Dec-5-tableView */,
				844BFD09293DDFF50046EB6A /* Products */,
			);
			sourceTree = "<group>";
		};
		844BFD09293DDFF50046EB6A /* Products */ = {
			isa = PBXGroup;
			children = (
				844BFD08293DDFF50046EB6A /* Dec-5-tableView.app */,
			);
			name = Products;
			sourceTree = "<group>";
		};
		844BFD0A293DDFF50046EB6A /* Dec-5-tableView */ = {
			isa = PBXGroup;
			children = (
				844BFD0B293DDFF50046EB6A /* AppDelegate.swift */,
				84A21188293F280E00607103 /* secondVC.swift */,
				844BFD0D293DDFF50046EB6A /* SceneDelegate.swift */,
				844BFD0F293DDFF50046EB6A /* firstVC.swift */,
				844BFD21293E167B0046EB6A /* PetModel.swift */,
				844BFD11293DDFF50046EB6A /* Main.storyboard */,
				844BFD1F293E06270046EB6A /* customTVC.swift */,
				844BFD14293DDFF60046EB6A /* Assets.xcassets */,
				844BFD16293DDFF60046EB6A /* LaunchScreen.storyboard */,
				844BFD19293DDFF60046EB6A /* Info.plist */,
			);
			path = "Dec-5-tableView";
			sourceTree = "<group>";
		};
/* End PBXGroup section */

/* Begin PBXNativeTarget section */
		844BFD07293DDFF50046EB6A /* Dec-5-tableView */ = {
			isa = PBXNativeTarget;
			buildConfigurationList = 844BFD1C293DDFF60046EB6A /* Build configuration list for PBXNativeTarget "Dec-5-tableView" */;
			buildPhases = (
				844BFD04293DDFF50046EB6A /* Sources */,
				844BFD05293DDFF50046EB6A /* Frameworks */,
				844BFD06293DDFF50046EB6A /* Resources */,
			);
			buildRules = (
			);
			dependencies = (
			);
			name = "Dec-5-tableView";
			productName = "Dec-5-tableView";
			productReference = 844BFD08293DDFF50046EB6A /* Dec-5-tableView.app */;
			productType = "com.apple.product-type.application";
		};
/* End PBXNativeTarget section */

/* Begin PBXProject section */
		844BFD00293DDFF50046EB6A /* Project object */ = {
			isa = PBXProject;
			attributes = {
				BuildIndependentTargetsInParallel = 1;
				LastSwiftUpdateCheck = 1340;
				LastUpgradeCheck = 1340;
				TargetAttributes = {
					844BFD07293DDFF50046EB6A = {
						CreatedOnToolsVersion = 13.4;
					};
				};
			};
			buildConfigurationList = 844BFD03293DDFF50046EB6A /* Build configuration list for PBXProject "Dec-5-tableView" */;
			compatibilityVersion = "Xcode 13.0";
			developmentRegion = en;
			hasScannedForEncodings = 0;
			knownRegions = (
				en,
				Base,
			);
			mainGroup = 844BFCFF293DDFF50046EB6A;
			productRefGroup = 844BFD09293DDFF50046EB6A /* Products */;
			projectDirPath = "";
			projectRoot = "";
			targets = (
				844BFD07293DDFF50046EB6A /* Dec-5-tableView */,
			);
		};
/* End PBXProject section */

/* Begin PBXResourcesBuildPhase section */
		844BFD06293DDFF50046EB6A /* Resources */ = {
			isa = PBXResourcesBuildPhase;
			buildActionMask = 2147483647;
			files = (
				844BFD18293DDFF60046EB6A /* LaunchScreen.storyboard in Resources */,
				844BFD15293DDFF60046EB6A /* Assets.xcassets in Resources */,
				844BFD13293DDFF50046EB6A /* Main.storyboard in Resources */,
			);
			runOnlyForDeploymentPostprocessing = 0;
		};
/* End PBXResourcesBuildPhase section */

/* Begin PBXSourcesBuildPhase section */
		844BFD04293DDFF50046EB6A /* Sources */ = {
			isa = PBXSourcesBuildPhase;
			buildActionMask = 2147483647;
			files = (
				84A21189293F280E00607103 /* secondVC.swift in Sources */,
				844BFD10293DDFF50046EB6A /* firstVC.swift in Sources */,
				844BFD0C293DDFF50046EB6A /* AppDelegate.swift in Sources */,
				844BFD20293E06270046EB6A /* customTVC.swift in Sources */,
				844BFD22293E167B0046EB6A /* PetModel.swift in Sources */,
				844BFD0E293DDFF50046EB6A /* SceneDelegate.swift in Sources */,
			);
			runOnlyForDeploymentPostprocessing = 0;
		};
/* End PBXSourcesBuildPhase section */

/* Begin PBXVariantGroup section */
		844BFD11293DDFF50046EB6A /* Main.storyboard */ = {
			isa = PBXVariantGroup;
			children = (
				844BFD12293DDFF50046EB6A /* Base */,
			);
			name = Main.storyboard;
			sourceTree = "<group>";
		};
		844BFD16293DDFF60046EB6A /* LaunchScreen.storyboard */ = {
			isa = PBXVariantGroup;
			children = (
				844BFD17293DDFF60046EB6A /* Base */,
			);
			name = LaunchScreen.storyboard;
			sourceTree = "<group>";
		};
/* End PBXVariantGroup section */

/* Begin XCBuildConfiguration section */
		844BFD1A293DDFF60046EB6A /* Debug */ = {
			isa = XCBuildConfiguration;
			buildSettings = {
				ALWAYS_SEARCH_USER_PATHS = NO;
				CLANG_ANALYZER_NONNULL = YES;
				CLANG_ANALYZER_NUMBER_OBJECT_CONVERSION = YES_AGGRESSIVE;
				CLANG_CXX_LANGUAGE_STANDARD = "gnu++17";
				CLANG_ENABLE_MODULES = YES;
				CLANG_ENABLE_OBJC_ARC = YES;
				CLANG_ENABLE_OBJC_WEAK = YES;
				CLANG_WARN_BLOCK_CAPTURE_AUTORELEASING = YES;
				CLANG_WARN_BOOL_CONVERSION = YES;
				CLANG_WARN_COMMA = YES;
				CLANG_WARN_CONSTANT_CONVERSION = YES;
				CLANG_WARN_DEPRECATED_OBJC_IMPLEMENTATIONS = YES;
				CLANG_WARN_DIRECT_OBJC_ISA_USAGE = YES_ERROR;
				CLANG_WARN_DOCUMENTATION_COMMENTS = YES;
				CLANG_WARN_EMPTY_BODY = YES;
				CLANG_WARN_ENUM_CONVERSION = YES;
				CLANG_WARN_INFINITE_RECURSION = YES;
				CLANG_WARN_INT_CONVERSION = YES;
				CLANG_WARN_NON_LITERAL_NULL_CONVERSION = YES;
				CLANG_WARN_OBJC_IMPLICIT_RETAIN_SELF = YES;
				CLANG_WARN_OBJC_LITERAL_CONVERSION = YES;
				CLANG_WARN_OBJC_ROOT_CLASS = YES_ERROR;
				CLANG_WARN_QUOTED_INCLUDE_IN_FRAMEWORK_HEADER = YES;
				CLANG_WARN_RANGE_LOOP_ANALYSIS = YES;
				CLANG_WARN_STRICT_PROTOTYPES = YES;
				CLANG_WARN_SUSPICIOUS_MOVE = YES;
				CLANG_WARN_UNGUARDED_AVAILABILITY = YES_AGGRESSIVE;
				CLANG_WARN_UNREACHABLE_CODE = YES;
				CLANG_WARN__DUPLICATE_METHOD_MATCH = YES;
				COPY_PHASE_STRIP = NO;
				DEBUG_INFORMATION_FORMAT = dwarf;
				ENABLE_STRICT_OBJC_MSGSEND = YES;
				ENABLE_TESTABILITY = YES;
				GCC_C_LANGUAGE_STANDARD = gnu11;
				GCC_DYNAMIC_NO_PIC = NO;
				GCC_NO_COMMON_BLOCKS = YES;
				GCC_OPTIMIZATION_LEVEL = 0;
				GCC_PREPROCESSOR_DEFINITIONS = (
					"DEBUG=1",
					"$(inherited)",
				);
				GCC_WARN_64_TO_32_BIT_CONVERSION = YES;
				GCC_WARN_ABOUT_RETURN_TYPE = YES_ERROR;
				GCC_WARN_UNDECLARED_SELECTOR = YES;
				GCC_WARN_UNINITIALIZED_AUTOS = YES_AGGRESSIVE;
				GCC_WARN_UNUSED_FUNCTION = YES;
				GCC_WARN_UNUSED_VARIABLE = YES;
				IPHONEOS_DEPLOYMENT_TARGET = 15.5;
				MTL_ENABLE_DEBUG_INFO = INCLUDE_SOURCE;
				MTL_FAST_MATH = YES;
				ONLY_ACTIVE_ARCH = YES;
				SDKROOT = iphoneos;
				SWIFT_ACTIVE_COMPILATION_CONDITIONS = DEBUG;
				SWIFT_OPTIMIZATION_LEVEL = "-Onone";
			};
			name = Debug;
		};
		844BFD1B293DDFF60046EB6A /* Release */ = {
			isa = XCBuildConfiguration;
			buildSettings = {
				ALWAYS_SEARCH_USER_PATHS = NO;
				CLANG_ANALYZER_NONNULL = YES;
				CLANG_ANALYZER_NUMBER_OBJECT_CONVERSION = YES_AGGRESSIVE;
				CLANG_CXX_LANGUAGE_STANDARD = "gnu++17";
				CLANG_ENABLE_MODULES = YES;
				CLANG_ENABLE_OBJC_ARC = YES;
				CLANG_ENABLE_OBJC_WEAK = YES;
				CLANG_WARN_BLOCK_CAPTURE_AUTORELEASING = YES;
				CLANG_WARN_BOOL_CONVERSION = YES;
				CLANG_WARN_COMMA = YES;
				CLANG_WARN_CONSTANT_CONVERSION = YES;
				CLANG_WARN_DEPRECATED_OBJC_IMPLEMENTATIONS = YES;
				CLANG_WARN_DIRECT_OBJC_ISA_USAGE = YES_ERROR;
				CLANG_WARN_DOCUMENTATION_COMMENTS = YES;
				CLANG_WARN_EMPTY_BODY = YES;
				CLANG_WARN_ENUM_CONVERSION = YES;
				CLANG_WARN_INFINITE_RECURSION = YES;
				CLANG_WARN_INT_CONVERSION = YES;
				CLANG_WARN_NON_LITERAL_NULL_CONVERSION = YES;
				CLANG_WARN_OBJC_IMPLICIT_RETAIN_SELF = YES;
				CLANG_WARN_OBJC_LITERAL_CONVERSION = YES;
				CLANG_WARN_OBJC_ROOT_CLASS = YES_ERROR;
				CLANG_WARN_QUOTED_INCLUDE_IN_FRAMEWORK_HEADER = YES;
				CLANG_WARN_RANGE_LOOP_ANALYSIS = YES;
				CLANG_WARN_STRICT_PROTOTYPES = YES;
				CLANG_WARN_SUSPICIOUS_MOVE = YES;
				CLANG_WARN_UNGUARDED_AVAILABILITY = YES_AGGRESSIVE;
				CLANG_WARN_UNREACHABLE_CODE = YES;
				CLANG_WARN__DUPLICATE_METHOD_MATCH = YES;
				COPY_PHASE_STRIP = NO;
				DEBUG_INFORMATION_FORMAT = "dwarf-with-dsym";
				ENABLE_NS_ASSERTIONS = NO;
				ENABLE_STRICT_OBJC_MSGSEND = YES;
				GCC_C_LANGUAGE_STANDARD = gnu11;
				GCC_NO_COMMON_BLOCKS = YES;
				GCC_WARN_64_TO_32_BIT_CONVERSION = YES;
				GCC_WARN_ABOUT_RETURN_TYPE = YES_ERROR;
				GCC_WARN_UNDECLARED_SELECTOR = YES;
				GCC_WARN_UNINITIALIZED_AUTOS = YES_AGGRESSIVE;
				GCC_WARN_UNUSED_FUNCTION = YES;
				GCC_WARN_UNUSED_VARIABLE = YES;
				IPHONEOS_DEPLOYMENT_TARGET = 15.5;
				MTL_ENABLE_DEBUG_INFO = NO;
				MTL_FAST_MATH = YES;
				SDKROOT = iphoneos;
				SWIFT_COMPILATION_MODE = wholemodule;
				SWIFT_OPTIMIZATION_LEVEL = "-O";
				VALIDATE_PRODUCT = YES;
			};
			name = Release;
		};
		844BFD1D293DDFF60046EB6A /* Debug */ = {
			isa = XCBuildConfiguration;
			buildSettings = {
				ASSETCATALOG_COMPILER_APPICON_NAME = AppIcon;
				ASSETCATALOG_COMPILER_GLOBAL_ACCENT_COLOR_NAME = AccentColor;
				CODE_SIGN_STYLE = Automatic;
				CURRENT_PROJECT_VERSION = 1;
				GENERATE_INFOPLIST_FILE = YES;
				INFOPLIST_FILE = "Dec-5-tableView/Info.plist";
				INFOPLIST_KEY_UIApplicationSupportsIndirectInputEvents = YES;
				INFOPLIST_KEY_UILaunchStoryboardName = LaunchScreen;
				INFOPLIST_KEY_UIMainStoryboardFile = Main;
				INFOPLIST_KEY_UISupportedInterfaceOrientations_iPad = "UIInterfaceOrientationPortrait UIInterfaceOrientationPortraitUpsideDown UIInterfaceOrientationLandscapeLeft UIInterfaceOrientationLandscapeRight";
				INFOPLIST_KEY_UISupportedInterfaceOrientations_iPhone = "UIInterfaceOrientationPortrait UIInterfaceOrientationLandscapeLeft UIInterfaceOrientationLandscapeRight";
				LD_RUNPATH_SEARCH_PATHS = (
					"$(inherited)",
					"@executable_path/Frameworks",
				);
				MARKETING_VERSION = 1.0;
				PRODUCT_BUNDLE_IDENTIFIER = "com.new.Demo.Dec-5-tableView";
				PRODUCT_NAME = "$(TARGET_NAME)";
				SWIFT_EMIT_LOC_STRINGS = YES;
				SWIFT_VERSION = 5.0;
				TARGETED_DEVICE_FAMILY = "1,2";
			};
			name = Debug;
		};
		844BFD1E293DDFF60046EB6A /* Release */ = {
			isa = XCBuildConfiguration;
			buildSettings = {
				ASSETCATALOG_COMPILER_APPICON_NAME = AppIcon;
				ASSETCATALOG_COMPILER_GLOBAL_ACCENT_COLOR_NAME = AccentColor;
				CODE_SIGN_STYLE = Automatic;
				CURRENT_PROJECT_VERSION = 1;
				GENERATE_INFOPLIST_FILE = YES;
				INFOPLIST_FILE = "Dec-5-tableView/Info.plist";
				INFOPLIST_KEY_UIApplicationSupportsIndirectInputEvents = YES;
				INFOPLIST_KEY_UILaunchStoryboardName = LaunchScreen;
				INFOPLIST_KEY_UIMainStoryboardFile = Main;
				INFOPLIST_KEY_UISupportedInterfaceOrientations_iPad = "UIInterfaceOrientationPortrait UIInterfaceOrientationPortraitUpsideDown UIInterfaceOrientationLandscapeLeft UIInterfaceOrientationLandscapeRight";
				INFOPLIST_KEY_UISupportedInterfaceOrientations_iPhone = "UIInterfaceOrientationPortrait UIInterfaceOrientationLandscapeLeft UIInterfaceOrientationLandscapeRight";
				LD_RUNPATH_SEARCH_PATHS = (
					"$(inherited)",
					"@executable_path/Frameworks",
				);
				MARKETING_VERSION = 1.0;
				PRODUCT_BUNDLE_IDENTIFIER = "com.new.Demo.Dec-5-tableView";
				PRODUCT_NAME = "$(TARGET_NAME)";
				SWIFT_EMIT_LOC_STRINGS = YES;
				SWIFT_VERSION = 5.0;
				TARGETED_DEVICE_FAMILY = "1,2";
			};
			name = Release;
		};
/* End XCBuildConfiguration section */

/* Begin XCConfigurationList section */
		844BFD03293DDFF50046EB6A /* Build configuration list for PBXProject "Dec-5-tableView" */ = {
			isa = XCConfigurationList;
			buildConfigurations = (
				844BFD1A293DDFF60046EB6A /* Debug */,
				844BFD1B293DDFF60046EB6A /* Release */,
			);
			defaultConfigurationIsVisible = 0;
			defaultConfigurationName = Release;
		};
		844BFD1C293DDFF60046EB6A /* Build configuration list for PBXNativeTarget "Dec-5-tableView" */ = {
			isa = XCConfigurationList;
			buildConfigurations = (
				844BFD1D293DDFF60046EB6A /* Debug */,
				844BFD1E293DDFF60046EB6A /* Release */,
			);
			defaultConfigurationIsVisible = 0;
			defaultConfigurationName = Release;
		};
/* End XCConfigurationList section */
	};
	rootObject = 844BFD00293DDFF50046EB6A /* Project object */;
}
